
Microsoft Visual Studio Solution File, Format Version 12.00
# Visual Studio 15
VisualStudioVersion = 15.0.27130.2036
MinimumVisualStudioVersion = 10.0.40219.1
Project("{888888A0-9F3D-457C-B088-3A5042F75D52}") = "PyGame1", "PyGame1.pyproj", "{30D78329-1C3C-43BE-B927-D3BB52E79C43}"
EndProject
Global
	GlobalSection(SolutionConfigurationPlatforms) = preSolution
		Debug|Any CPU = Debug|Any CPU
		Release|Any CPU = Release|Any CPU
	EndGlobalSection
	GlobalSection(ProjectConfigurationPlatforms) = postSolution
		{30D78329-1C3C-43BE-B927-D3BB52E79C43}.Debug|Any CPU.ActiveCfg = Debug|Any CPU
		{30D78329-1C3C-43BE-B927-D3BB52E79C43}.Release|Any CPU.ActiveCfg = Release|Any CPU
	EndGlobalSection
	GlobalSection(SolutionProperties) = preSolution
		HideSolutionNode = FALSE
	EndGlobalSection
	GlobalSection(ExtensibilityGlobals) = postSolution
		SolutionGuid = {27B6C6FE-B4F8-40B7-9482-729F0B101917}
	EndGlobalSection
EndGlobal
